
Microsoft Visual Studio Solution File, Format Version 12.00
# Visual Studio 14
VisualStudioVersion = 14.0.24720.0
MinimumVisualStudioVersion = 10.0.40219.1
Project("{FAE04EC0-301F-11D3-BF4B-00C04F79EFBC}") = "QuickDAL", "QuickDAL\QuickDAL.csproj", "{55DDBFA4-3467-44DE-8B2A-BED6B4578E81}"
EndProject
Project("{FAE04EC0-301F-11D3-BF4B-00C04F79EFBC}") = "QuickDALTests", "QuickDALTests\QuickDALTests.csproj", "{120411A8-BF34-4869-8503-6F04274162D8}"
EndProject
Project("{FAE04EC0-301F-11D3-BF4B-00C04F79EFBC}") = "SampleDomain", "SampleDomain\SampleDomain.csproj", "{0E260C72-E55A-4D77-8BD4-A1ECDCC62555}"
EndProject
Project("{FAE04EC0-301F-11D3-BF4B-00C04F79EFBC}") = "SampleDomainTests", "SampleDomainTests\SampleDomainTests.csproj", "{6E3AFA4D-846B-4604-9CD3-9E8E47C67AA4}"
EndProject
Project("{FAE04EC0-301F-11D3-BF4B-00C04F79EFBC}") = "SampleWebApp", "SampleWebApp\SampleWebApp.csproj", "{1F7F022B-4604-47E8-8FDB-E99D0388F499}"
EndProject
Project("{FAE04EC0-301F-11D3-BF4B-00C04F79EFBC}") = "SampleAppServices", "SampleAppServices\SampleAppServices.csproj", "{D5A0837A-2059-41A2-9476-4A70F637FE72}"
EndProject
Project("{FAE04EC0-301F-11D3-BF4B-00C04F79EFBC}") = "SampleAppServicesTests", "SampleAppServicesTests\SampleAppServicesTests.csproj", "{9DF5EDB7-00BB-4FF8-87E5-A6C3485739F5}"
EndProject
Global
	GlobalSection(SolutionConfigurationPlatforms) = preSolution
		Debug|Any CPU = Debug|Any CPU
		Release|Any CPU = Release|Any CPU
	EndGlobalSection
	GlobalSection(ProjectConfigurationPlatforms) = postSolution
		{55DDBFA4-3467-44DE-8B2A-BED6B4578E81}.Debug|Any CPU.ActiveCfg = Debug|Any CPU
		{55DDBFA4-3467-44DE-8B2A-BED6B4578E81}.Debug|Any CPU.Build.0 = Debug|Any CPU
		{55DDBFA4-3467-44DE-8B2A-BED6B4578E81}.Release|Any CPU.ActiveCfg = Release|Any CPU
		{55DDBFA4-3467-44DE-8B2A-BED6B4578E81}.Release|Any CPU.Build.0 = Release|Any CPU
		{120411A8-BF34-4869-8503-6F04274162D8}.Debug|Any CPU.ActiveCfg = Debug|Any CPU
		{120411A8-BF34-4869-8503-6F04274162D8}.Debug|Any CPU.Build.0 = Debug|Any CPU
		{120411A8-BF34-4869-8503-6F04274162D8}.Release|Any CPU.ActiveCfg = Release|Any CPU
		{120411A8-BF34-4869-8503-6F04274162D8}.Release|Any CPU.Build.0 = Release|Any CPU
		{0E260C72-E55A-4D77-8BD4-A1ECDCC62555}.Debug|Any CPU.ActiveCfg = Debug|Any CPU
		{0E260C72-E55A-4D77-8BD4-A1ECDCC62555}.Debug|Any CPU.Build.0 = Debug|Any CPU
		{0E260C72-E55A-4D77-8BD4-A1ECDCC62555}.Release|Any CPU.ActiveCfg = Release|Any CPU
		{0E260C72-E55A-4D77-8BD4-A1ECDCC62555}.Release|Any CPU.Build.0 = Release|Any CPU
		{6E3AFA4D-846B-4604-9CD3-9E8E47C67AA4}.Debug|Any CPU.ActiveCfg = Debug|Any CPU
		{6E3AFA4D-846B-4604-9CD3-9E8E47C67AA4}.Debug|Any CPU.Build.0 = Debug|Any CPU
		{6E3AFA4D-846B-4604-9CD3-9E8E47C67AA4}.Release|Any CPU.ActiveCfg = Release|Any CPU
		{6E3AFA4D-846B-4604-9CD3-9E8E47C67AA4}.Release|Any CPU.Build.0 = Release|Any CPU
		{1F7F022B-4604-47E8-8FDB-E99D0388F499}.Debug|Any CPU.ActiveCfg = Debug|Any CPU
		{1F7F022B-4604-47E8-8FDB-E99D0388F499}.Debug|Any CPU.Build.0 = Debug|Any CPU
		{1F7F022B-4604-47E8-8FDB-E99D0388F499}.Release|Any CPU.ActiveCfg = Release|Any CPU
		{1F7F022B-4604-47E8-8FDB-E99D0388F499}.Release|Any CPU.Build.0 = Release|Any CPU
		{D5A0837A-2059-41A2-9476-4A70F637FE72}.Debug|Any CPU.ActiveCfg = Debug|Any CPU
		{D5A0837A-2059-41A2-9476-4A70F637FE72}.Debug|Any CPU.Build.0 = Debug|Any CPU
		{D5A0837A-2059-41A2-9476-4A70F637FE72}.Release|Any CPU.ActiveCfg = Release|Any CPU
		{D5A0837A-2059-41A2-9476-4A70F637FE72}.Release|Any CPU.Build.0 = Release|Any CPU
		{9DF5EDB7-00BB-4FF8-87E5-A6C3485739F5}.Debug|Any CPU.ActiveCfg = Debug|Any CPU
		{9DF5EDB7-00BB-4FF8-87E5-A6C3485739F5}.Debug|Any CPU.Build.0 = Debug|Any CPU
		{9DF5EDB7-00BB-4FF8-87E5-A6C3485739F5}.Release|Any CPU.ActiveCfg = Release|Any CPU
		{9DF5EDB7-00BB-4FF8-87E5-A6C3485739F5}.Release|Any CPU.Build.0 = Release|Any CPU
	EndGlobalSection
	GlobalSection(SolutionProperties) = preSolution
		HideSolutionNode = FALSE
	EndGlobalSection
EndGlobal
